
Microsoft Visual Studio Solution File, Format Version 12.00
# Visual Studio Version 17
VisualStudioVersion = 17.8.34330.188
MinimumVisualStudioVersion = 10.0.40219.1
Project("{FAE04EC0-301F-11D3-BF4B-00C04F79EFBC}") = "TowerOfHanoi", "TowerOfHanoi\TowerOfHanoi.csproj", "{F8281973-0544-47AB-ADBD-08668584D569}"
EndProject
Global
	GlobalSection(SolutionConfigurationPlatforms) = preSolution
		Debug|Any CPU = Debug|Any CPU
		Release|Any CPU = Release|Any CPU
	EndGlobalSection
	GlobalSection(ProjectConfigurationPlatforms) = postSolution
		{F8281973-0544-47AB-ADBD-08668584D569}.Debug|Any CPU.ActiveCfg = Debug|Any CPU
		{F8281973-0544-47AB-ADBD-08668584D569}.Debug|Any CPU.Build.0 = Debug|Any CPU
		{F8281973-0544-47AB-ADBD-08668584D569}.Release|Any CPU.ActiveCfg = Release|Any CPU
		{F8281973-0544-47AB-ADBD-08668584D569}.Release|Any CPU.Build.0 = Release|Any CPU
	EndGlobalSection
	GlobalSection(SolutionProperties) = preSolution
		HideSolutionNode = FALSE
	EndGlobalSection
	GlobalSection(ExtensibilityGlobals) = postSolution
		SolutionGuid = {71238111-F625-4E93-A435-4D00570EF705}
	EndGlobalSection
EndGlobal
